Microsoft Visual Studio Solution File, Format Version 11.00
# Visual Studio 2008

Project("{6F28B4E6-0FB6-408A-2385-3BF634D7CC60}") = "Moteur3D", "Assembly-CSharp.csproj", "{34D068E5-2F7F-CA7A-0784-73EB858F6AD9}"
EndProject
Global
	GlobalSection(SolutionConfigurationPlatforms) = preSolution
		Debug|Any CPU = Debug|Any CPU
		Release|Any CPU = Release|Any CPU
	EndGlobalSection
	GlobalSection(ProjectConfigurationPlatforms) = postSolution
		{34D068E5-2F7F-CA7A-0784-73EB858F6AD9}.Debug|Any CPU.ActiveCfg = Debug|Any CPU
		{34D068E5-2F7F-CA7A-0784-73EB858F6AD9}.Debug|Any CPU.Build.0 = Debug|Any CPU
		{34D068E5-2F7F-CA7A-0784-73EB858F6AD9}.Release|Any CPU.ActiveCfg = Release|Any CPU
		{34D068E5-2F7F-CA7A-0784-73EB858F6AD9}.Release|Any CPU.Build.0 = Release|Any CPU
	EndGlobalSection
	GlobalSection(SolutionProperties) = preSolution
		HideSolutionNode = FALSE
	EndGlobalSection
	GlobalSection(MonoDevelopProperties) = preSolution
		StartupItem = Assembly-CSharp.csproj
	EndGlobalSection
EndGlobal
